{
  "name": "TSServer",
  "lockfileVersion": 3,
  "requires": true,
  "packages": {
    "": {
      "dependencies": {
        "@types/node": "^18.11.17",
        "@types/workerpool": "^6.1.0",
        "typescript": "^4.9.4",
        "workerpool": "^6.3.1"
      }
    },
    "node_modules/@types/node": {
      "version": "18.11.17",
      "resolved": "https://registry.npmjs.org/@types/node/-/node-18.11.17.tgz",
      "integrity": "sha512-HJSUJmni4BeDHhfzn6nF0sVmd1SMezP7/4F0Lq+aXzmp2xm9O7WXrUtHW/CHlYVtZUbByEvWidHqRtcJXGF2Ng=="
    },
    "node_modules/@types/workerpool": {
      "version": "6.1.0",
      "resolved": "https://registry.npmjs.org/@types/workerpool/-/workerpool-6.1.0.tgz",
      "integrity": "sha512-C+J/c1BHyc351xJuiH2Jbe+V9hjf5mCzRP0UK4KEpF5SpuU+vJ/FC5GLZsCU/PJpp/3I6Uwtfm3DG7Lmrb7LOQ==",
      "dependencies": {
        "@types/node": "*"
      }
    },
    "node_modules/typescript": {
      "version": "4.9.4",
      "resolved": "https://registry.npmjs.org/typescript/-/typescript-4.9.4.tgz",
      "integrity": "sha512-Uz+dTXYzxXXbsFpM86Wh3dKCxrQqUcVMxwU54orwlJjOpO3ao8L7j5lH+dWfTwgCwIuM9GQ2kvVotzYJMXTBZg==",
      "bin": {
        "tsc": "bin/tsc",
        "tsserver": "bin/tsserver"
      },
      "engines": {
        "node": ">=4.2.0"
      }
    },
    "node_modules/workerpool": {
      "version": "6.3.1",
      "resolved": "https://registry.npmjs.org/workerpool/-/workerpool-6.3.1.tgz",
      "integrity": "sha512-0x7gJm1rhpn5SPG9NENOxPtbfUZZtK/qOg6gEdSqeDBA3dTeR91RJqSPjccPRCkhNfrnnl/dWxSSj5w9CtdzNA=="
    }
  }
}
